<?xml version="1.0" encoding="UTF-8" standalone="yes" ?>
<CodeBlocks_project_file>
	<FileVersion major="1" minor="6" />
	<Project>
		<Option title="Compiler" />
		<Option pch_mode="2" />
		<Option compiler="gcc" />
		<Build>
			<Target title="Debug">
				<Option output="bin/Debug/Compiler" prefix_auto="1" extension_auto="1" />
				<Option object_output="obj/Debug/" />
				<Option type="1" />
				<Option compiler="gcc" />
				<Option parameters="noErrors.pas" />
				<Compiler>
					<Add option="-std=c99" />
					<Add option="-g" />
				</Compiler>
			</Target>
			<Target title="Release">
				<Option output="bin/Release/Compiler" prefix_auto="1" extension_auto="1" />
				<Option object_output="obj/Release/" />
				<Option type="1" />
				<Option compiler="gcc" />
				<Compiler>
					<Add option="-O2" />
					<Add option="-std=c99" />
				</Compiler>
				<Linker>
					<Add option="-s" />
				</Linker>
			</Target>
		</Build>
		<Compiler>
			<Add option="-Wall" />
		</Compiler>
		<Unit filename="Analyizer/AnalyzerCaller.c">
			<Option compilerVar="CC" />
		</Unit>
		<Unit filename="Analyizer/AnalyzerCaller.h" />
		<Unit filename="Analyizer/MainAnalyzer.c">
			<Option compilerVar="CC" />
		</Unit>
		<Unit filename="Analyizer/MainAnalyzer.h" />
		<Unit filename="Analyizer/Print_Tokens/PrintHandler.c">
			<Option compilerVar="CC" />
		</Unit>
		<Unit filename="Analyizer/Print_Tokens/PrintHandler.h" />
		<Unit filename="DataType/LinkedList.c">
			<Option compilerVar="CC" />
		</Unit>
		<Unit filename="DataType/LinkedList.h" />
		<Unit filename="DataType/nodes.c">
			<Option compilerVar="CC" />
		</Unit>
		<Unit filename="DataType/nodes.h">
			<Option target="&lt;{~None~}&gt;" />
		</Unit>
		<Unit filename="Parser/Productions.h">
			<Option target="&lt;{~None~}&gt;" />
		</Unit>
		<Unit filename="Parser/Program.c">
			<Option compilerVar="CC" />
		</Unit>
		<Unit filename="Parser/Program_tail.c">
			<Option compilerVar="CC" />
		</Unit>
		<Unit filename="Parser/Program_tail2.c">
			<Option compilerVar="CC" />
		</Unit>
		<Unit filename="Parser/arguments.c">
			<Option compilerVar="CC" />
		</Unit>
		<Unit filename="Parser/compound_statement.c">
			<Option compilerVar="CC" />
		</Unit>
		<Unit filename="Parser/declarations.c">
			<Option compilerVar="CC" />
		</Unit>
		<Unit filename="Parser/declarations_tail.c">
			<Option compilerVar="CC" />
		</Unit>
		<Unit filename="Parser/expression.c">
			<Option compilerVar="CC" />
		</Unit>
		<Unit filename="Parser/expression_list.c">
			<Option compilerVar="CC" />
		</Unit>
		<Unit filename="Parser/expression_list_tail.c">
			<Option compilerVar="CC" />
		</Unit>
		<Unit filename="Parser/expression_tail.c">
			<Option compilerVar="CC" />
		</Unit>
		<Unit filename="Parser/factor.c">
			<Option compilerVar="CC" />
		</Unit>
		<Unit filename="Parser/factor_tail.c">
			<Option compilerVar="CC" />
		</Unit>
		<Unit filename="Parser/identifier_list.c">
			<Option compilerVar="CC" />
		</Unit>
		<Unit filename="Parser/identifier_list_tail.c">
			<Option compilerVar="CC" />
		</Unit>
		<Unit filename="Parser/match.c">
			<Option compilerVar="CC" />
		</Unit>
		<Unit filename="Parser/optional_statements.c">
			<Option compilerVar="CC" />
		</Unit>
		<Unit filename="Parser/parameter_list.c">
			<Option compilerVar="CC" />
		</Unit>
		<Unit filename="Parser/parameter_list_tail.c">
			<Option compilerVar="CC" />
		</Unit>
		<Unit filename="Parser/procedure_statement.c">
			<Option compilerVar="CC" />
		</Unit>
		<Unit filename="Parser/procedure_statement_tail.c">
			<Option compilerVar="CC" />
		</Unit>
		<Unit filename="Parser/sign.c">
			<Option compilerVar="CC" />
		</Unit>
		<Unit filename="Parser/simple_expression.c">
			<Option compilerVar="CC" />
		</Unit>
		<Unit filename="Parser/simple_expression_tail.c">
			<Option compilerVar="CC" />
		</Unit>
		<Unit filename="Parser/standard_type.c">
			<Option compilerVar="CC" />
		</Unit>
		<Unit filename="Parser/statement.c">
			<Option compilerVar="CC" />
		</Unit>
		<Unit filename="Parser/statement_list.c">
			<Option compilerVar="CC" />
		</Unit>
		<Unit filename="Parser/statement_list_tail.c">
			<Option compilerVar="CC" />
		</Unit>
		<Unit filename="Parser/statement_tail.c">
			<Option compilerVar="CC" />
		</Unit>
		<Unit filename="Parser/subprogram_declaration.c">
			<Option compilerVar="CC" />
		</Unit>
		<Unit filename="Parser/subprogram_declaration_tail.c">
			<Option compilerVar="CC" />
		</Unit>
		<Unit filename="Parser/subprogram_declaration_tail2.c">
			<Option compilerVar="CC" />
		</Unit>
		<Unit filename="Parser/subprogram_declarations.c">
			<Option compilerVar="CC" />
		</Unit>
		<Unit filename="Parser/subprogram_declarations_tail.c">
			<Option compilerVar="CC" />
		</Unit>
		<Unit filename="Parser/subprogram_head.c">
			<Option compilerVar="CC" />
		</Unit>
		<Unit filename="Parser/term.c">
			<Option compilerVar="CC" />
		</Unit>
		<Unit filename="Parser/term_tail.c">
			<Option compilerVar="CC" />
		</Unit>
		<Unit filename="Parser/type.c">
			<Option compilerVar="CC" />
		</Unit>
		<Unit filename="Parser/variable.c">
			<Option compilerVar="CC" />
		</Unit>
		<Unit filename="Parser/variable_tail.c">
			<Option compilerVar="CC" />
		</Unit>
		<Unit filename="main.c">
			<Option compilerVar="CC" />
		</Unit>
		<Extensions>
			<code_completion />
			<envvars />
			<debugger />
			<lib_finder disable_auto="1" />
		</Extensions>
	</Project>
</CodeBlocks_project_file>
